# THIS IS AN AUTOGENERATED FILE. DO NOT EDIT THIS FILE DIRECTLY.
# yarn lockfile v1


"tailwind-starter-kit@https://github.com/creativetimofficial/tailwind-starter-kit":
  version "0.0.0"
  resolved "https://github.com/creativetimofficial/tailwind-starter-kit#4a60972c559315cdd7da87c0eae1e3e013e8db22"
